# This file is automatically @generated by Cargo.
# It is not intended for manual editing.
version = 4

[[package]]
name = "ac-changeset"
version = "0.1.0"
dependencies = [
 "ac-common",
]

[[package]]
name = "ac-common"
version = "0.1.0"

[[package]]
name = "ac-config"
version = "0.1.0"
dependencies = [
 "ac-common",
]

[[package]]
name = "ac-daemon"
version = "0.1.0"
dependencies = [
 "ac-config",
 "ac-kernel",
 "ac-logging",
]

[[package]]
name = "ac-evidence"
version = "0.1.0"
dependencies = [
 "ac-common",
]

[[package]]
name = "ac-kernel"
version = "0.1.0"
dependencies = [
 "ac-changeset",
 "ac-common",
 "ac-evidence",
]

[[package]]
name = "ac-logging"
version = "0.1.0"
dependencies = [
 "ac-common",
]

[[package]]
name = "ac-runtime"
version = "0.1.0"
dependencies = [
 "ac-common",
]
