# This file is automatically @generated by Cargo.
# It is not intended for manual editing.
version = 4

[[package]]
name = "ac-changeset"
version = "0.1.0"
dependencies = [
 "ac-common",
]

[[package]]
name = "ac-code-intel"
version = "0.1.0"
dependencies = [
 "ac-common",
]

[[package]]
name = "ac-common"
version = "0.1.0"

[[package]]
name = "ac-config"
version = "0.1.0"
dependencies = [
 "ac-common",
]

[[package]]
name = "ac-context"
version = "0.1.0"
dependencies = [
 "ac-common",
]

[[package]]
name = "ac-daemon"
version = "0.1.0"
dependencies = [
 "ac-config",
 "ac-kernel",
 "ac-logging",
]

[[package]]
name = "ac-desktop-placeholder"
version = "0.1.0"
dependencies = [
 "ac-common",
]

[[package]]
name = "ac-evidence"
version = "0.1.0"
dependencies = [
 "ac-common",
]

[[package]]
name = "ac-git"
version = "0.1.0"
dependencies = [
 "ac-common",
]

[[package]]
name = "ac-kernel"
version = "0.1.0"
dependencies = [
 "ac-changeset",
 "ac-common",
 "ac-evidence",
]

[[package]]
name = "ac-logging"
version = "0.1.0"
dependencies = [
 "ac-common",
]

[[package]]
name = "ac-migrations"
version = "0.1.0"
dependencies = [
 "ac-common",
]

[[package]]
name = "ac-provider"
version = "0.1.0"
dependencies = [
 "ac-common",
]

[[package]]
name = "ac-runtime"
version = "0.1.0"
dependencies = [
 "ac-common",
 "ac-context",
 "ac-evidence",
 "ac-git",
 "ac-provider",
 "ac-security",
 "ac-tool",
]

[[package]]
name = "ac-sandbox"
version = "0.1.0"
dependencies = [
 "ac-common",
 "ac-security",
]

[[package]]
name = "ac-security"
version = "0.1.0"
dependencies = [
 "ac-common",
]

[[package]]
name = "ac-tool"
version = "0.1.0"
dependencies = [
 "ac-common",
 "ac-evidence",
 "ac-sandbox",
 "ac-security",
]

[[package]]
name = "ac-verification"
version = "0.1.0"
dependencies = [
 "ac-common",
 "ac-evidence",
 "ac-security",
]
